
Microsoft Visual Studio Solution File, Format Version 12.00
# Visual Studio Version 17
VisualStudioVersion = 17.10.35013.160
MinimumVisualStudioVersion = 10.0.40219.1
Project("{FAE04EC0-301F-11D3-BF4B-00C04F79EFBC}") = "AuthorAuthenticationMVC", "AuthorAuthenticationMVC\AuthorAuthenticationMVC.csproj", "{86F5DA01-EF9C-4459-9604-AA74458AFA83}"
EndProject
Global
	GlobalSection(SolutionConfigurationPlatforms) = preSolution
		Debug|Any CPU = Debug|Any CPU
		Release|Any CPU = Release|Any CPU
	EndGlobalSection
	GlobalSection(ProjectConfigurationPlatforms) = postSolution
		{86F5DA01-EF9C-4459-9604-AA74458AFA83}.Debug|Any CPU.ActiveCfg = Debug|Any CPU
		{86F5DA01-EF9C-4459-9604-AA74458AFA83}.Debug|Any CPU.Build.0 = Debug|Any CPU
		{86F5DA01-EF9C-4459-9604-AA74458AFA83}.Release|Any CPU.ActiveCfg = Release|Any CPU
		{86F5DA01-EF9C-4459-9604-AA74458AFA83}.Release|Any CPU.Build.0 = Release|Any CPU
	EndGlobalSection
	GlobalSection(SolutionProperties) = preSolution
		HideSolutionNode = FALSE
	EndGlobalSection
	GlobalSection(ExtensibilityGlobals) = postSolution
		SolutionGuid = {1F57962E-3E35-4EAF-8FB1-2A3333EB6831}
	EndGlobalSection
EndGlobal
